
Microsoft Visual Studio Solution File, Format Version 12.00
# Visual Studio Version 16
VisualStudioVersion = 16.0.29806.167
MinimumVisualStudioVersion = 10.0.40219.1
Project("{FAE04EC0-301F-11D3-BF4B-00C04F79EFBC}") = "01. Defining-Classes-Part-1", "01. Defining-Classes-Part-1\01. Defining-Classes-Part-1.csproj", "{ACD06AC0-421B-4D32-9F5D-7517667BFCAC}"
EndProject
Project("{FAE04EC0-301F-11D3-BF4B-00C04F79EFBC}") = "UnitTestProject2", "UnitTestProject2\UnitTestProject2.csproj", "{A59DF3AC-638A-4B9B-A5BD-B5261A5998EF}"
EndProject
Project("{2150E333-8FDC-42A3-9474-1A3956D46DE8}") = "NewFolder1", "NewFolder1", "{2557287F-9EFA-40EE-AA24-45892AE42E96}"
EndProject
Global
	GlobalSection(SolutionConfigurationPlatforms) = preSolution
		Debug|Any CPU = Debug|Any CPU
		Release|Any CPU = Release|Any CPU
	EndGlobalSection
	GlobalSection(ProjectConfigurationPlatforms) = postSolution
		{ACD06AC0-421B-4D32-9F5D-7517667BFCAC}.Debug|Any CPU.ActiveCfg = Debug|Any CPU
		{ACD06AC0-421B-4D32-9F5D-7517667BFCAC}.Debug|Any CPU.Build.0 = Debug|Any CPU
		{ACD06AC0-421B-4D32-9F5D-7517667BFCAC}.Release|Any CPU.ActiveCfg = Release|Any CPU
		{ACD06AC0-421B-4D32-9F5D-7517667BFCAC}.Release|Any CPU.Build.0 = Release|Any CPU
		{A59DF3AC-638A-4B9B-A5BD-B5261A5998EF}.Debug|Any CPU.ActiveCfg = Debug|Any CPU
		{A59DF3AC-638A-4B9B-A5BD-B5261A5998EF}.Debug|Any CPU.Build.0 = Debug|Any CPU
		{A59DF3AC-638A-4B9B-A5BD-B5261A5998EF}.Release|Any CPU.ActiveCfg = Release|Any CPU
		{A59DF3AC-638A-4B9B-A5BD-B5261A5998EF}.Release|Any CPU.Build.0 = Release|Any CPU
	EndGlobalSection
	GlobalSection(SolutionProperties) = preSolution
		HideSolutionNode = FALSE
	EndGlobalSection
	GlobalSection(ExtensibilityGlobals) = postSolution
		SolutionGuid = {0EF944BD-F0AF-4019-9BA7-CD3F5AA14399}
	EndGlobalSection
EndGlobal
